
Microsoft Visual Studio Solution File, Format Version 12.00
# Visual Studio Version 17
VisualStudioVersion = 17.14.36429.23
MinimumVisualStudioVersion = 10.0.40219.1
Project("{2150E333-8FDC-42A3-9474-1A3956D46DE8}") = "Task0", "Task0", "{36D591C7-65C7-A0D1-1CBC-10CDE441BDC8}"
EndProject
Project("{FAE04EC0-301F-11D3-BF4B-00C04F79EFBC}") = "Tyuiu.FlyagID.Sprint1.Task0.V5.Lib", "Tyuiu.FlyagID.Sprint1.Task0.V5.Lib\Tyuiu.FlyagID.Sprint1.Task0.V5.Lib.csproj", "{08CC6186-28CF-41DE-A36F-AD004D01A306}"
EndProject
Project("{FAE04EC0-301F-11D3-BF4B-00C04F79EFBC}") = "Tyuiu.FlyagID.Sprint1.Task0.V5.Test", "Tyuiu.FlyagID.Sprint1.Task0.V5.Test\Tyuiu.FlyagID.Sprint1.Task0.V5.Test.csproj", "{3B86AB53-362D-406A-A725-911A946CAED2}"
EndProject
Project("{FAE04EC0-301F-11D3-BF4B-00C04F79EFBC}") = "Tyuiu.FlyagID.Sprint1.Task0.V5", "Tyuiu.FlyagID.Sprint1.Task0.V5\Tyuiu.FlyagID.Sprint1.Task0.V5.csproj", "{E0BEEC86-19DB-4E41-9531-4C5611945698}"
EndProject
Project("{2150E333-8FDC-42A3-9474-1A3956D46DE8}") = "Task1", "Task1", "{02EA681E-C7D8-13C7-8484-4AC65E1B71E8}"
EndProject
Project("{FAE04EC0-301F-11D3-BF4B-00C04F79EFBC}") = "Tyuiu.FlyagID.Sprint1.Task1.V26", "Tyuiu.FlyagID.Sprint1.Task1.V26\Tyuiu.FlyagID.Sprint1.Task1.V26.csproj", "{EEC61317-2808-427E-B67E-453CF98FED56}"
EndProject
Project("{FAE04EC0-301F-11D3-BF4B-00C04F79EFBC}") = "Tyuiu.FlyagID.Sprint1.Task1.V26.Test", "Tyuiu.FlyagID.Sprint1.Task1.V26.Test\Tyuiu.FlyagID.Sprint1.Task1.V26.Test.csproj", "{4B59A084-8D45-4759-9317-1A73A9AAAFCB}"
EndProject
Project("{FAE04EC0-301F-11D3-BF4B-00C04F79EFBC}") = "Tyuiu.FlyagID.Sprint1.Task1.V26.Lib", "Tyuiu.FlyagID.Sprint1.Task1.V26.Lib\Tyuiu.FlyagID.Sprint1.Task1.V26.Lib.csproj", "{0836C116-BB42-4B56-9A12-9672C7D6DCE6}"
EndProject
Project("{2150E333-8FDC-42A3-9474-1A3956D46DE8}") = "Task2", "Task2", "{226ED4CC-FFF9-4CFF-8156-D6B2A8F40973}"
EndProject
Project("{FAE04EC0-301F-11D3-BF4B-00C04F79EFBC}") = "Tyuiu.FlyagID.Sprint1.Task2.V29.Lib", "Tyuiu.FlyagID.Sprint1.Task2.V29.Lib\Tyuiu.FlyagID.Sprint1.Task2.V29.Lib.csproj", "{BACC9694-E5C8-4651-A441-C5D3EA9A026D}"
EndProject
Project("{FAE04EC0-301F-11D3-BF4B-00C04F79EFBC}") = "Tyuiu.FlyagID.Sprint1.Task2.V29.Test", "Tyuiu.FlyagID.Sprint1.Task2.V29.Test\Tyuiu.FlyagID.Sprint1.Task2.V29.Test.csproj", "{F437A40D-CEE5-4073-9857-E123691E5989}"
EndProject
Project("{FAE04EC0-301F-11D3-BF4B-00C04F79EFBC}") = "Tyuiu.FlyagID.Sprint1.Task2.V29", "Tyuiu.FlyagID.Sprint1.Task2.V29\Tyuiu.FlyagID.Sprint1.Task2.V29.csproj", "{12C1F9B1-22E7-4D99-80DC-DDFB58D9544D}"
EndProject
Global
	GlobalSection(SolutionConfigurationPlatforms) = preSolution
		Debug|Any CPU = Debug|Any CPU
		Release|Any CPU = Release|Any CPU
	EndGlobalSection
	GlobalSection(ProjectConfigurationPlatforms) = postSolution
		{08CC6186-28CF-41DE-A36F-AD004D01A306}.Debug|Any CPU.ActiveCfg = Debug|Any CPU
		{08CC6186-28CF-41DE-A36F-AD004D01A306}.Debug|Any CPU.Build.0 = Debug|Any CPU
		{08CC6186-28CF-41DE-A36F-AD004D01A306}.Release|Any CPU.ActiveCfg = Release|Any CPU
		{08CC6186-28CF-41DE-A36F-AD004D01A306}.Release|Any CPU.Build.0 = Release|Any CPU
		{3B86AB53-362D-406A-A725-911A946CAED2}.Debug|Any CPU.ActiveCfg = Debug|Any CPU
		{3B86AB53-362D-406A-A725-911A946CAED2}.Debug|Any CPU.Build.0 = Debug|Any CPU
		{3B86AB53-362D-406A-A725-911A946CAED2}.Release|Any CPU.ActiveCfg = Release|Any CPU
		{3B86AB53-362D-406A-A725-911A946CAED2}.Release|Any CPU.Build.0 = Release|Any CPU
		{E0BEEC86-19DB-4E41-9531-4C5611945698}.Debug|Any CPU.ActiveCfg = Debug|Any CPU
		{E0BEEC86-19DB-4E41-9531-4C5611945698}.Debug|Any CPU.Build.0 = Debug|Any CPU
		{E0BEEC86-19DB-4E41-9531-4C5611945698}.Release|Any CPU.ActiveCfg = Release|Any CPU
		{E0BEEC86-19DB-4E41-9531-4C5611945698}.Release|Any CPU.Build.0 = Release|Any CPU
		{EEC61317-2808-427E-B67E-453CF98FED56}.Debug|Any CPU.ActiveCfg = Debug|Any CPU
		{EEC61317-2808-427E-B67E-453CF98FED56}.Debug|Any CPU.Build.0 = Debug|Any CPU
		{EEC61317-2808-427E-B67E-453CF98FED56}.Release|Any CPU.ActiveCfg = Release|Any CPU
		{EEC61317-2808-427E-B67E-453CF98FED56}.Release|Any CPU.Build.0 = Release|Any CPU
		{4B59A084-8D45-4759-9317-1A73A9AAAFCB}.Debug|Any CPU.ActiveCfg = Debug|Any CPU
		{4B59A084-8D45-4759-9317-1A73A9AAAFCB}.Debug|Any CPU.Build.0 = Debug|Any CPU
		{4B59A084-8D45-4759-9317-1A73A9AAAFCB}.Release|Any CPU.ActiveCfg = Release|Any CPU
		{4B59A084-8D45-4759-9317-1A73A9AAAFCB}.Release|Any CPU.Build.0 = Release|Any CPU
		{0836C116-BB42-4B56-9A12-9672C7D6DCE6}.Debug|Any CPU.ActiveCfg = Debug|Any CPU
		{0836C116-BB42-4B56-9A12-9672C7D6DCE6}.Debug|Any CPU.Build.0 = Debug|Any CPU
		{0836C116-BB42-4B56-9A12-9672C7D6DCE6}.Release|Any CPU.ActiveCfg = Release|Any CPU
		{0836C116-BB42-4B56-9A12-9672C7D6DCE6}.Release|Any CPU.Build.0 = Release|Any CPU
		{BACC9694-E5C8-4651-A441-C5D3EA9A026D}.Debug|Any CPU.ActiveCfg = Debug|Any CPU
		{BACC9694-E5C8-4651-A441-C5D3EA9A026D}.Debug|Any CPU.Build.0 = Debug|Any CPU
		{BACC9694-E5C8-4651-A441-C5D3EA9A026D}.Release|Any CPU.ActiveCfg = Release|Any CPU
		{BACC9694-E5C8-4651-A441-C5D3EA9A026D}.Release|Any CPU.Build.0 = Release|Any CPU
		{F437A40D-CEE5-4073-9857-E123691E5989}.Debug|Any CPU.ActiveCfg = Debug|Any CPU
		{F437A40D-CEE5-4073-9857-E123691E5989}.Debug|Any CPU.Build.0 = Debug|Any CPU
		{F437A40D-CEE5-4073-9857-E123691E5989}.Release|Any CPU.ActiveCfg = Release|Any CPU
		{F437A40D-CEE5-4073-9857-E123691E5989}.Release|Any CPU.Build.0 = Release|Any CPU
		{12C1F9B1-22E7-4D99-80DC-DDFB58D9544D}.Debug|Any CPU.ActiveCfg = Debug|Any CPU
		{12C1F9B1-22E7-4D99-80DC-DDFB58D9544D}.Debug|Any CPU.Build.0 = Debug|Any CPU
		{12C1F9B1-22E7-4D99-80DC-DDFB58D9544D}.Release|Any CPU.ActiveCfg = Release|Any CPU
		{12C1F9B1-22E7-4D99-80DC-DDFB58D9544D}.Release|Any CPU.Build.0 = Release|Any CPU
	EndGlobalSection
	GlobalSection(SolutionProperties) = preSolution
		HideSolutionNode = FALSE
	EndGlobalSection
	GlobalSection(NestedProjects) = preSolution
		{08CC6186-28CF-41DE-A36F-AD004D01A306} = {36D591C7-65C7-A0D1-1CBC-10CDE441BDC8}
		{3B86AB53-362D-406A-A725-911A946CAED2} = {36D591C7-65C7-A0D1-1CBC-10CDE441BDC8}
		{E0BEEC86-19DB-4E41-9531-4C5611945698} = {36D591C7-65C7-A0D1-1CBC-10CDE441BDC8}
		{EEC61317-2808-427E-B67E-453CF98FED56} = {02EA681E-C7D8-13C7-8484-4AC65E1B71E8}
		{4B59A084-8D45-4759-9317-1A73A9AAAFCB} = {02EA681E-C7D8-13C7-8484-4AC65E1B71E8}
		{0836C116-BB42-4B56-9A12-9672C7D6DCE6} = {02EA681E-C7D8-13C7-8484-4AC65E1B71E8}
		{BACC9694-E5C8-4651-A441-C5D3EA9A026D} = {226ED4CC-FFF9-4CFF-8156-D6B2A8F40973}
		{F437A40D-CEE5-4073-9857-E123691E5989} = {226ED4CC-FFF9-4CFF-8156-D6B2A8F40973}
		{12C1F9B1-22E7-4D99-80DC-DDFB58D9544D} = {226ED4CC-FFF9-4CFF-8156-D6B2A8F40973}
	EndGlobalSection
	GlobalSection(ExtensibilityGlobals) = postSolution
		SolutionGuid = {C3C9353D-B061-4B03-8D53-55FF50BBC78A}
	EndGlobalSection
EndGlobal
